
Microsoft Visual Studio Solution File, Format Version 12.00
# Visual Studio 15
VisualStudioVersion = 15.0.27703.1
MinimumVisualStudioVersion = 10.0.40219.1
Project("{FAE04EC0-301F-11D3-BF4B-00C04F79EFBC}") = "TokenAuthenticationWEBAPI", "TokenAuthenticationWEBAPI\TokenAuthenticationWEBAPI.csproj", "{345A9453-A1C8-4B34-B3E2-7329070D8B18}"
EndProject
Global
	GlobalSection(SolutionConfigurationPlatforms) = preSolution
		Debug|Any CPU = Debug|Any CPU
		Release|Any CPU = Release|Any CPU
	EndGlobalSection
	GlobalSection(ProjectConfigurationPlatforms) = postSolution
		{345A9453-A1C8-4B34-B3E2-7329070D8B18}.Debug|Any CPU.ActiveCfg = Debug|Any CPU
		{345A9453-A1C8-4B34-B3E2-7329070D8B18}.Debug|Any CPU.Build.0 = Debug|Any CPU
		{345A9453-A1C8-4B34-B3E2-7329070D8B18}.Release|Any CPU.ActiveCfg = Release|Any CPU
		{345A9453-A1C8-4B34-B3E2-7329070D8B18}.Release|Any CPU.Build.0 = Release|Any CPU
	EndGlobalSection
	GlobalSection(SolutionProperties) = preSolution
		HideSolutionNode = FALSE
	EndGlobalSection
	GlobalSection(ExtensibilityGlobals) = postSolution
		SolutionGuid = {72493760-B30C-4394-861C-5162324AD821}
	EndGlobalSection
EndGlobal
